
Microsoft Visual Studio Solution File, Format Version 10.00
# Visual Studio 2008
Project("{FAE04EC0-301F-11D3-BF4B-00C04F79EFBC}") = "SsisUnit", "SSISUnit\SsisUnit.csproj", "{39BA5FA0-7E89-49E3-8194-8EDB89CD50ED}"
EndProject
Project("{FAE04EC0-301F-11D3-BF4B-00C04F79EFBC}") = "UTssisUnit", "UTssisUnit\UTssisUnit.csproj", "{ADC78700-333C-4BDC-9F64-DA20F500C273}"
EndProject
Project("{2150E333-8FDC-42A3-9474-1A3956D46DE8}") = "Solution Items", "Solution Items", "{6B905B87-1991-462C-9BC0-C40A66C250FC}"
	ProjectSection(SolutionItems) = preProject
		LocalTestRun.testrunconfig = LocalTestRun.testrunconfig
		SSISUnit.vsmdi = SSISUnit.vsmdi
		SSISUnit26.vsmdi = SSISUnit26.vsmdi
		SSISUnit27.vsmdi = SSISUnit27.vsmdi
		SSISUnit28.vsmdi = SSISUnit28.vsmdi
		SSISUnit29.vsmdi = SSISUnit29.vsmdi
		SSISUnit30.vsmdi = SSISUnit30.vsmdi
		SSISUnit31.vsmdi = SSISUnit31.vsmdi
		SSISUnit32.vsmdi = SSISUnit32.vsmdi
		SSISUnit33.vsmdi = SSISUnit33.vsmdi
		SSISUnit34.vsmdi = SSISUnit34.vsmdi
		SSISUnit35.vsmdi = SSISUnit35.vsmdi
		SSISUnit36.vsmdi = SSISUnit36.vsmdi
	EndProjectSection
EndProject
Project("{FAE04EC0-301F-11D3-BF4B-00C04F79EFBC}") = "ssisUnitTestRunner", "TestRunner\ssisUnitTestRunner.csproj", "{8EDF3C6B-F9B0-4547-8B8B-B21F2FF8C9C0}"
EndProject
Project("{FAE04EC0-301F-11D3-BF4B-00C04F79EFBC}") = "ssisUnitTestRunnerUI", "ssisUnitTestRunnerUI\ssisUnitTestRunnerUI.csproj", "{A943E51D-D0CC-4EF1-875B-937D0B179241}"
EndProject
Project("{FAE04EC0-301F-11D3-BF4B-00C04F79EFBC}") = "ssisUnitVS2008", "ssisUnitVS2008\ssisUnitVS2008.csproj", "{54848B1B-D5CE-4F88-A7CC-10FC390AB7AE}"
EndProject
Project("{FAE04EC0-301F-11D3-BF4B-00C04F79EFBC}") = "SsisUnit.Design", "SsisUnitDesign\SsisUnit.Design.csproj", "{3B38F252-0DE8-4639-9AF9-AB8B216B685C}"
EndProject
Project("{54435603-DBB4-11D2-8724-00A0C9A8B90C}") = "ssisUnitSetup", "ssisUnitSetup\ssisUnitSetup.vdproj", "{90DB9B4F-E36F-485B-AF10-D9B70D74FB8D}"
EndProject
Global
	GlobalSection(TeamFoundationVersionControl) = preSolution
		SccNumberOfProjects = 8
		SccEnterpriseProvider = {4CA58AB2-18FA-4F8D-95D4-32DDF27D184C}
		SccTeamFoundationServer = https://tfs04.codeplex.com/
		SccLocalPath0 = .
		SccProjectUniqueName1 = SSISUnit\\SsisUnit.csproj
		SccProjectName1 = SSISUnit
		SccLocalPath1 = SSISUnit
		SccProjectUniqueName2 = TestRunner\\ssisUnitTestRunner.csproj
		SccProjectName2 = TestRunner
		SccLocalPath2 = TestRunner
		SccProjectUniqueName3 = UTssisUnit\\UTssisUnit.csproj
		SccProjectName3 = UTssisUnit
		SccLocalPath3 = UTssisUnit
		SccProjectUniqueName4 = ssisUnitTestRunnerUI\\ssisUnitTestRunnerUI.csproj
		SccProjectName4 = ssisUnitTestRunnerUI
		SccLocalPath4 = ssisUnitTestRunnerUI
		SccProjectUniqueName5 = ssisUnitVS2008\\ssisUnitVS2008.csproj
		SccProjectName5 = ssisUnitVS2008
		SccLocalPath5 = ssisUnitVS2008
		SccProjectUniqueName6 = SsisUnitDesign\\SsisUnit.Design.csproj
		SccProjectName6 = SsisUnitDesign
		SccLocalPath6 = SsisUnitDesign
		SccProjectUniqueName7 = ssisUnitSetup\\ssisUnitSetup.vdproj
		SccProjectName7 = ssisUnitSetup
		SccLocalPath7 = ssisUnitSetup
	EndGlobalSection
	GlobalSection(TestCaseManagementSettings) = postSolution
		CategoryFile = SSISUnit36.vsmdi
	EndGlobalSection
	GlobalSection(SolutionConfigurationPlatforms) = preSolution
		Debug|Any CPU = Debug|Any CPU
		Release|Any CPU = Release|Any CPU
	EndGlobalSection
	GlobalSection(ProjectConfigurationPlatforms) = postSolution
		{39BA5FA0-7E89-49E3-8194-8EDB89CD50ED}.Debug|Any CPU.ActiveCfg = Debug|Any CPU
		{39BA5FA0-7E89-49E3-8194-8EDB89CD50ED}.Debug|Any CPU.Build.0 = Debug|Any CPU
		{39BA5FA0-7E89-49E3-8194-8EDB89CD50ED}.Release|Any CPU.ActiveCfg = Release|Any CPU
		{39BA5FA0-7E89-49E3-8194-8EDB89CD50ED}.Release|Any CPU.Build.0 = Release|Any CPU
		{ADC78700-333C-4BDC-9F64-DA20F500C273}.Debug|Any CPU.ActiveCfg = Debug|Any CPU
		{ADC78700-333C-4BDC-9F64-DA20F500C273}.Debug|Any CPU.Build.0 = Debug|Any CPU
		{ADC78700-333C-4BDC-9F64-DA20F500C273}.Release|Any CPU.ActiveCfg = Release|Any CPU
		{ADC78700-333C-4BDC-9F64-DA20F500C273}.Release|Any CPU.Build.0 = Release|Any CPU
		{8EDF3C6B-F9B0-4547-8B8B-B21F2FF8C9C0}.Debug|Any CPU.ActiveCfg = Debug|Any CPU
		{8EDF3C6B-F9B0-4547-8B8B-B21F2FF8C9C0}.Debug|Any CPU.Build.0 = Debug|Any CPU
		{8EDF3C6B-F9B0-4547-8B8B-B21F2FF8C9C0}.Release|Any CPU.ActiveCfg = Release|Any CPU
		{8EDF3C6B-F9B0-4547-8B8B-B21F2FF8C9C0}.Release|Any CPU.Build.0 = Release|Any CPU
		{A943E51D-D0CC-4EF1-875B-937D0B179241}.Debug|Any CPU.ActiveCfg = Debug|Any CPU
		{A943E51D-D0CC-4EF1-875B-937D0B179241}.Debug|Any CPU.Build.0 = Debug|Any CPU
		{A943E51D-D0CC-4EF1-875B-937D0B179241}.Release|Any CPU.ActiveCfg = Release|Any CPU
		{A943E51D-D0CC-4EF1-875B-937D0B179241}.Release|Any CPU.Build.0 = Release|Any CPU
		{54848B1B-D5CE-4F88-A7CC-10FC390AB7AE}.Debug|Any CPU.ActiveCfg = Debug|Any CPU
		{54848B1B-D5CE-4F88-A7CC-10FC390AB7AE}.Debug|Any CPU.Build.0 = Debug|Any CPU
		{54848B1B-D5CE-4F88-A7CC-10FC390AB7AE}.Release|Any CPU.ActiveCfg = Release|Any CPU
		{54848B1B-D5CE-4F88-A7CC-10FC390AB7AE}.Release|Any CPU.Build.0 = Release|Any CPU
		{3B38F252-0DE8-4639-9AF9-AB8B216B685C}.Debug|Any CPU.ActiveCfg = Debug|Any CPU
		{3B38F252-0DE8-4639-9AF9-AB8B216B685C}.Debug|Any CPU.Build.0 = Debug|Any CPU
		{3B38F252-0DE8-4639-9AF9-AB8B216B685C}.Release|Any CPU.ActiveCfg = Release|Any CPU
		{3B38F252-0DE8-4639-9AF9-AB8B216B685C}.Release|Any CPU.Build.0 = Release|Any CPU
		{90DB9B4F-E36F-485B-AF10-D9B70D74FB8D}.Debug|Any CPU.ActiveCfg = Debug
		{90DB9B4F-E36F-485B-AF10-D9B70D74FB8D}.Debug|Any CPU.Build.0 = Debug
		{90DB9B4F-E36F-485B-AF10-D9B70D74FB8D}.Release|Any CPU.ActiveCfg = Release
		{90DB9B4F-E36F-485B-AF10-D9B70D74FB8D}.Release|Any CPU.Build.0 = Release
	EndGlobalSection
	GlobalSection(SolutionProperties) = preSolution
		HideSolutionNode = FALSE
	EndGlobalSection
EndGlobal
