
Microsoft Visual Studio Solution File, Format Version 10.00
# Visual Studio 2008
Project("{FAE04EC0-301F-11D3-BF4B-00C04F79EFBC}") = "SSISUnit_SQL2008", "SSISUnit\SSISUnit_SQL2008.csproj", "{8C839F0E-0AFD-4D9A-8DEE-5C7963E3E6C7}"
EndProject
Global
	GlobalSection(SolutionConfigurationPlatforms) = preSolution
		Debug|Any CPU = Debug|Any CPU
		Release|Any CPU = Release|Any CPU
	EndGlobalSection
	GlobalSection(ProjectConfigurationPlatforms) = postSolution
		{8C839F0E-0AFD-4D9A-8DEE-5C7963E3E6C7}.Debug|Any CPU.ActiveCfg = Debug|Any CPU
		{8C839F0E-0AFD-4D9A-8DEE-5C7963E3E6C7}.Debug|Any CPU.Build.0 = Debug|Any CPU
		{8C839F0E-0AFD-4D9A-8DEE-5C7963E3E6C7}.Release|Any CPU.ActiveCfg = Release|Any CPU
		{8C839F0E-0AFD-4D9A-8DEE-5C7963E3E6C7}.Release|Any CPU.Build.0 = Release|Any CPU
	EndGlobalSection
	GlobalSection(SolutionProperties) = preSolution
		HideSolutionNode = FALSE
	EndGlobalSection
EndGlobal
