
Microsoft Visual Studio Solution File, Format Version 12.00
# Visual Studio 2013
VisualStudioVersion = 12.0.30501.0
MinimumVisualStudioVersion = 10.0.40219.1
Project("{FAE04EC0-301F-11D3-BF4B-00C04F79EFBC}") = "SSISUnit.2019", "SSISUnit\SSISUnit.2019.csproj", "{8C839F0E-0AFD-4D9A-8DEE-5C7963E3E6C7}"
EndProject
Project("{FAE04EC0-301F-11D3-BF4B-00C04F79EFBC}") = "SsisUnit.TestComponents.2019", "SsisUnit.TestComponents\SsisUnit.TestComponents.2019.csproj", "{6C8078E0-99DD-40D0-94DA-E17B3FC50679}"
EndProject
Project("{FAE04EC0-301F-11D3-BF4B-00C04F79EFBC}") = "SsisUnit.Design_SQL2019", "SsisUnitDesign\SsisUnit.Design_SQL2019.csproj", "{3B38F252-0DE8-4639-9AF9-AB8B216B685C}"
EndProject
Project("{FAE04EC0-301F-11D3-BF4B-00C04F79EFBC}") = "ssisUnitTestRunnerUI.2019", "ssisUnitTestRunnerUI\ssisUnitTestRunnerUI.2019.csproj", "{A943E51D-D0CC-4EF1-875B-937D0B179241}"
EndProject
Project("{2150E333-8FDC-42A3-9474-1A3956D46DE8}") = "Solution Items", "Solution Items", "{17BB6EF3-A1CF-4326-A7E6-A7BF928C1D2B}"
	ProjectSection(SolutionItems) = preProject
		SsisUnit.testsettings = SsisUnit.testsettings
	EndProjectSection
EndProject
Project("{6141683F-8A12-4E36-9623-2EB02B2C2303}") = "ssisUnit2019Setup", "ssisUnit2012Setup\ssisUnit2019Setup.isproj", "{2A9028F9-B03B-46A2-9369-83CE1F38FD2B}"
	ProjectSection(ProjectDependencies) = postProject
		{8C839F0E-0AFD-4D9A-8DEE-5C7963E3E6C7} = {8C839F0E-0AFD-4D9A-8DEE-5C7963E3E6C7}
		{A943E51D-D0CC-4EF1-875B-937D0B179241} = {A943E51D-D0CC-4EF1-875B-937D0B179241}
		{3B38F252-0DE8-4639-9AF9-AB8B216B685C} = {3B38F252-0DE8-4639-9AF9-AB8B216B685C}
		{8EDF3C6B-F9B0-4547-8B8B-B21F2FF8C9C0} = {8EDF3C6B-F9B0-4547-8B8B-B21F2FF8C9C0}
		{6C8078E0-99DD-40D0-94DA-E17B3FC50679} = {6C8078E0-99DD-40D0-94DA-E17B3FC50679}
		{E693CCE8-9EDF-4117-AB7F-EB87B87E29EA} = {E693CCE8-9EDF-4117-AB7F-EB87B87E29EA}
	EndProjectSection
EndProject
Project("{FAE04EC0-301F-11D3-BF4B-00C04F79EFBC}") = "SsisUnitBase", "SsisUnit.Base\SsisUnitBase.csproj", "{E693CCE8-9EDF-4117-AB7F-EB87B87E29EA}"
EndProject
Project("{FAE04EC0-301F-11D3-BF4B-00C04F79EFBC}") = "ssisUnit.TestRunner.2019", "SsisUnitTestRunner\ssisUnit.TestRunner.2019.csproj", "{8EDF3C6B-F9B0-4547-8B8B-B21F2FF8C9C0}"
EndProject
Project("{FAE04EC0-301F-11D3-BF4B-00C04F79EFBC}") = "SsisUnit2019.Tests", "SsisUnit.Tests\SsisUnit2019.Tests.csproj", "{ADC78700-333C-4BDC-9F64-DA20F500C273}"
	ProjectSection(ProjectDependencies) = postProject
		{CE10532C-9925-48D0-A59B-C49343053C1A} = {CE10532C-9925-48D0-A59B-C49343053C1A}
	EndProjectSection
EndProject
Project("{00D1A9C2-B5F0-4AF3-8072-F6C62B433612}") = "ssisUnitTestDb", "ssisUnitTestDb\ssisUnitTestDb.sqlproj", "{CE10532C-9925-48D0-A59B-C49343053C1A}"
EndProject
Global
	GlobalSection(TeamFoundationVersionControl) = preSolution
		SccNumberOfProjects = 10
		SccEnterpriseProvider = {4CA58AB2-18FA-4F8D-95D4-32DDF27D184C}
		SccTeamFoundationServer = https://tfs.codeplex.com/tfs/tfs04
		SccLocalPath0 = .
		SccProjectUniqueName1 = SsisUnit.Base\\SsisUnitBase.csproj
		SccProjectName1 = SsisUnit.Base
		SccLocalPath1 = SsisUnit.Base
		SccProjectUniqueName2 = SsisUnit.TestComponents\\SsisUnit.TestComponents.2019.csproj
		SccProjectName2 = SsisUnit.TestComponents
		SccLocalPath2 = SsisUnit.TestComponents
		SccProjectUniqueName3 = SSISUnit\\SSISUnit.2019.csproj
		SccProjectName3 = SSISUnit
		SccLocalPath3 = SSISUnit
		SccProjectUniqueName4 = SsisUnitDesign\\SsisUnit.Design_SQL2019.csproj
		SccProjectName4 = SsisUnitDesign
		SccLocalPath4 = SsisUnitDesign
		SccProjectUniqueName5 = ssisUnitTestRunnerUI\\ssisUnitTestRunnerUI.2019.csproj
		SccProjectName5 = ssisUnitTestRunnerUI
		SccLocalPath5 = ssisUnitTestRunnerUI
		SccProjectUniqueName6 = SsisUnitTestRunner\\ssisUnit.TestRunner.2019.csproj
		SccProjectName6 = SsisUnitTestRunner
		SccLocalPath6 = SsisUnitTestRunner
		SccProjectUniqueName7 = ssisUnit2012Setup\\ssisUnit2019Setup.isproj
		SccProjectName7 = ssisUnit2012Setup
		SccLocalPath7 = ssisUnit2012Setup
		SccProjectUniqueName8 = SsisUnit.Tests\\SsisUnit2019.Tests.csproj
		SccProjectName8 = SsisUnit.Tests
		SccLocalPath8 = SsisUnit.Tests
		SccProjectUniqueName9 = ssisUnitTestDb\\ssisUnitTestDb.sqlproj
		SccProjectName9 = ssisUnitTestDb
		SccLocalPath9 = ssisUnitTestDb
	EndGlobalSection
	GlobalSection(SolutionConfigurationPlatforms) = preSolution
		CD_ROM|Any CPU = CD_ROM|Any CPU
		CD_ROM|x86 = CD_ROM|x86
		Debug|Any CPU = Debug|Any CPU
		Debug|x86 = Debug|x86
		DebugRunTime|Any CPU = DebugRunTime|Any CPU
		DebugRunTime|x86 = DebugRunTime|x86
		DVD-5|Any CPU = DVD-5|Any CPU
		DVD-5|x86 = DVD-5|x86
		Release|Any CPU = Release|Any CPU
		Release|x86 = Release|x86
		SingleImage|Any CPU = SingleImage|Any CPU
		SingleImage|x86 = SingleImage|x86
	EndGlobalSection
	GlobalSection(ProjectConfigurationPlatforms) = postSolution
		{8C839F0E-0AFD-4D9A-8DEE-5C7963E3E6C7}.CD_ROM|Any CPU.ActiveCfg = Release|Any CPU
		{8C839F0E-0AFD-4D9A-8DEE-5C7963E3E6C7}.CD_ROM|Any CPU.Build.0 = Release|Any CPU
		{8C839F0E-0AFD-4D9A-8DEE-5C7963E3E6C7}.CD_ROM|x86.ActiveCfg = Debug|Any CPU
		{8C839F0E-0AFD-4D9A-8DEE-5C7963E3E6C7}.Debug|Any CPU.ActiveCfg = Debug|Any CPU
		{8C839F0E-0AFD-4D9A-8DEE-5C7963E3E6C7}.Debug|Any CPU.Build.0 = Debug|Any CPU
		{8C839F0E-0AFD-4D9A-8DEE-5C7963E3E6C7}.Debug|x86.ActiveCfg = Debug|Any CPU
		{8C839F0E-0AFD-4D9A-8DEE-5C7963E3E6C7}.DebugRunTime|Any CPU.ActiveCfg = Debug|Any CPU
		{8C839F0E-0AFD-4D9A-8DEE-5C7963E3E6C7}.DebugRunTime|Any CPU.Build.0 = Debug|Any CPU
		{8C839F0E-0AFD-4D9A-8DEE-5C7963E3E6C7}.DebugRunTime|x86.ActiveCfg = Debug|Any CPU
		{8C839F0E-0AFD-4D9A-8DEE-5C7963E3E6C7}.DVD-5|Any CPU.ActiveCfg = Debug|Any CPU
		{8C839F0E-0AFD-4D9A-8DEE-5C7963E3E6C7}.DVD-5|Any CPU.Build.0 = Debug|Any CPU
		{8C839F0E-0AFD-4D9A-8DEE-5C7963E3E6C7}.DVD-5|x86.ActiveCfg = Debug|Any CPU
		{8C839F0E-0AFD-4D9A-8DEE-5C7963E3E6C7}.Release|Any CPU.ActiveCfg = Release|Any CPU
		{8C839F0E-0AFD-4D9A-8DEE-5C7963E3E6C7}.Release|Any CPU.Build.0 = Release|Any CPU
		{8C839F0E-0AFD-4D9A-8DEE-5C7963E3E6C7}.Release|x86.ActiveCfg = Release|Any CPU
		{8C839F0E-0AFD-4D9A-8DEE-5C7963E3E6C7}.SingleImage|Any CPU.ActiveCfg = Release|Any CPU
		{8C839F0E-0AFD-4D9A-8DEE-5C7963E3E6C7}.SingleImage|Any CPU.Build.0 = Release|Any CPU
		{8C839F0E-0AFD-4D9A-8DEE-5C7963E3E6C7}.SingleImage|x86.ActiveCfg = Debug|Any CPU
		{6C8078E0-99DD-40D0-94DA-E17B3FC50679}.CD_ROM|Any CPU.ActiveCfg = Release|Any CPU
		{6C8078E0-99DD-40D0-94DA-E17B3FC50679}.CD_ROM|Any CPU.Build.0 = Release|Any CPU
		{6C8078E0-99DD-40D0-94DA-E17B3FC50679}.CD_ROM|x86.ActiveCfg = DebugRunTime|Any CPU
		{6C8078E0-99DD-40D0-94DA-E17B3FC50679}.Debug|Any CPU.ActiveCfg = Debug|Any CPU
		{6C8078E0-99DD-40D0-94DA-E17B3FC50679}.Debug|Any CPU.Build.0 = Debug|Any CPU
		{6C8078E0-99DD-40D0-94DA-E17B3FC50679}.Debug|x86.ActiveCfg = Debug|Any CPU
		{6C8078E0-99DD-40D0-94DA-E17B3FC50679}.DebugRunTime|Any CPU.ActiveCfg = DebugRunTime|Any CPU
		{6C8078E0-99DD-40D0-94DA-E17B3FC50679}.DebugRunTime|Any CPU.Build.0 = DebugRunTime|Any CPU
		{6C8078E0-99DD-40D0-94DA-E17B3FC50679}.DebugRunTime|x86.ActiveCfg = DebugRunTime|Any CPU
		{6C8078E0-99DD-40D0-94DA-E17B3FC50679}.DVD-5|Any CPU.ActiveCfg = DebugRunTime|Any CPU
		{6C8078E0-99DD-40D0-94DA-E17B3FC50679}.DVD-5|Any CPU.Build.0 = DebugRunTime|Any CPU
		{6C8078E0-99DD-40D0-94DA-E17B3FC50679}.DVD-5|x86.ActiveCfg = DebugRunTime|Any CPU
		{6C8078E0-99DD-40D0-94DA-E17B3FC50679}.Release|Any CPU.ActiveCfg = Release|Any CPU
		{6C8078E0-99DD-40D0-94DA-E17B3FC50679}.Release|Any CPU.Build.0 = Release|Any CPU
		{6C8078E0-99DD-40D0-94DA-E17B3FC50679}.Release|x86.ActiveCfg = Release|Any CPU
		{6C8078E0-99DD-40D0-94DA-E17B3FC50679}.SingleImage|Any CPU.ActiveCfg = Release|Any CPU
		{6C8078E0-99DD-40D0-94DA-E17B3FC50679}.SingleImage|Any CPU.Build.0 = Release|Any CPU
		{6C8078E0-99DD-40D0-94DA-E17B3FC50679}.SingleImage|x86.ActiveCfg = DebugRunTime|Any CPU
		{3B38F252-0DE8-4639-9AF9-AB8B216B685C}.CD_ROM|Any CPU.ActiveCfg = Release|Any CPU
		{3B38F252-0DE8-4639-9AF9-AB8B216B685C}.CD_ROM|Any CPU.Build.0 = Release|Any CPU
		{3B38F252-0DE8-4639-9AF9-AB8B216B685C}.CD_ROM|x86.ActiveCfg = Debug|Any CPU
		{3B38F252-0DE8-4639-9AF9-AB8B216B685C}.Debug|Any CPU.ActiveCfg = Debug|Any CPU
		{3B38F252-0DE8-4639-9AF9-AB8B216B685C}.Debug|Any CPU.Build.0 = Debug|Any CPU
		{3B38F252-0DE8-4639-9AF9-AB8B216B685C}.Debug|x86.ActiveCfg = Debug|Any CPU
		{3B38F252-0DE8-4639-9AF9-AB8B216B685C}.DebugRunTime|Any CPU.ActiveCfg = Debug|Any CPU
		{3B38F252-0DE8-4639-9AF9-AB8B216B685C}.DebugRunTime|Any CPU.Build.0 = Debug|Any CPU
		{3B38F252-0DE8-4639-9AF9-AB8B216B685C}.DebugRunTime|x86.ActiveCfg = Debug|Any CPU
		{3B38F252-0DE8-4639-9AF9-AB8B216B685C}.DVD-5|Any CPU.ActiveCfg = Debug|Any CPU
		{3B38F252-0DE8-4639-9AF9-AB8B216B685C}.DVD-5|Any CPU.Build.0 = Debug|Any CPU
		{3B38F252-0DE8-4639-9AF9-AB8B216B685C}.DVD-5|x86.ActiveCfg = Debug|Any CPU
		{3B38F252-0DE8-4639-9AF9-AB8B216B685C}.Release|Any CPU.ActiveCfg = Release|Any CPU
		{3B38F252-0DE8-4639-9AF9-AB8B216B685C}.Release|Any CPU.Build.0 = Release|Any CPU
		{3B38F252-0DE8-4639-9AF9-AB8B216B685C}.Release|x86.ActiveCfg = Release|Any CPU
		{3B38F252-0DE8-4639-9AF9-AB8B216B685C}.SingleImage|Any CPU.ActiveCfg = Release|Any CPU
		{3B38F252-0DE8-4639-9AF9-AB8B216B685C}.SingleImage|Any CPU.Build.0 = Release|Any CPU
		{3B38F252-0DE8-4639-9AF9-AB8B216B685C}.SingleImage|x86.ActiveCfg = Debug|Any CPU
		{A943E51D-D0CC-4EF1-875B-937D0B179241}.CD_ROM|Any CPU.ActiveCfg = Release|Any CPU
		{A943E51D-D0CC-4EF1-875B-937D0B179241}.CD_ROM|Any CPU.Build.0 = Release|Any CPU
		{A943E51D-D0CC-4EF1-875B-937D0B179241}.CD_ROM|x86.ActiveCfg = Debug|Any CPU
		{A943E51D-D0CC-4EF1-875B-937D0B179241}.Debug|Any CPU.ActiveCfg = Debug|x86
		{A943E51D-D0CC-4EF1-875B-937D0B179241}.Debug|Any CPU.Build.0 = Debug|x86
		{A943E51D-D0CC-4EF1-875B-937D0B179241}.Debug|x86.ActiveCfg = Debug|Any CPU
		{A943E51D-D0CC-4EF1-875B-937D0B179241}.DebugRunTime|Any CPU.ActiveCfg = Debug|Any CPU
		{A943E51D-D0CC-4EF1-875B-937D0B179241}.DebugRunTime|Any CPU.Build.0 = Debug|Any CPU
		{A943E51D-D0CC-4EF1-875B-937D0B179241}.DebugRunTime|x86.ActiveCfg = Debug|Any CPU
		{A943E51D-D0CC-4EF1-875B-937D0B179241}.DVD-5|Any CPU.ActiveCfg = Debug|Any CPU
		{A943E51D-D0CC-4EF1-875B-937D0B179241}.DVD-5|Any CPU.Build.0 = Debug|Any CPU
		{A943E51D-D0CC-4EF1-875B-937D0B179241}.DVD-5|x86.ActiveCfg = Debug|Any CPU
		{A943E51D-D0CC-4EF1-875B-937D0B179241}.Release|Any CPU.ActiveCfg = Release|Any CPU
		{A943E51D-D0CC-4EF1-875B-937D0B179241}.Release|Any CPU.Build.0 = Release|Any CPU
		{A943E51D-D0CC-4EF1-875B-937D0B179241}.Release|x86.ActiveCfg = Release|Any CPU
		{A943E51D-D0CC-4EF1-875B-937D0B179241}.SingleImage|Any CPU.ActiveCfg = Release|Any CPU
		{A943E51D-D0CC-4EF1-875B-937D0B179241}.SingleImage|Any CPU.Build.0 = Release|Any CPU
		{A943E51D-D0CC-4EF1-875B-937D0B179241}.SingleImage|x86.ActiveCfg = Debug|Any CPU
		{2A9028F9-B03B-46A2-9369-83CE1F38FD2B}.CD_ROM|Any CPU.ActiveCfg = CD_ROM
		{2A9028F9-B03B-46A2-9369-83CE1F38FD2B}.CD_ROM|Any CPU.Build.0 = CD_ROM
		{2A9028F9-B03B-46A2-9369-83CE1F38FD2B}.CD_ROM|x86.ActiveCfg = CD_ROM
		{2A9028F9-B03B-46A2-9369-83CE1F38FD2B}.CD_ROM|x86.Build.0 = CD_ROM
		{2A9028F9-B03B-46A2-9369-83CE1F38FD2B}.Debug|Any CPU.ActiveCfg = SingleImage
		{2A9028F9-B03B-46A2-9369-83CE1F38FD2B}.Debug|Any CPU.Build.0 = SingleImage
		{2A9028F9-B03B-46A2-9369-83CE1F38FD2B}.Debug|x86.ActiveCfg = DVD-5
		{2A9028F9-B03B-46A2-9369-83CE1F38FD2B}.Debug|x86.Build.0 = DVD-5
		{2A9028F9-B03B-46A2-9369-83CE1F38FD2B}.DebugRunTime|Any CPU.ActiveCfg = DVD-5
		{2A9028F9-B03B-46A2-9369-83CE1F38FD2B}.DebugRunTime|Any CPU.Build.0 = DVD-5
		{2A9028F9-B03B-46A2-9369-83CE1F38FD2B}.DebugRunTime|x86.ActiveCfg = DVD-5
		{2A9028F9-B03B-46A2-9369-83CE1F38FD2B}.DebugRunTime|x86.Build.0 = DVD-5
		{2A9028F9-B03B-46A2-9369-83CE1F38FD2B}.DVD-5|Any CPU.ActiveCfg = DVD-5
		{2A9028F9-B03B-46A2-9369-83CE1F38FD2B}.DVD-5|Any CPU.Build.0 = DVD-5
		{2A9028F9-B03B-46A2-9369-83CE1F38FD2B}.DVD-5|x86.ActiveCfg = DVD-5
		{2A9028F9-B03B-46A2-9369-83CE1F38FD2B}.DVD-5|x86.Build.0 = DVD-5
		{2A9028F9-B03B-46A2-9369-83CE1F38FD2B}.Release|Any CPU.ActiveCfg = SingleImage
		{2A9028F9-B03B-46A2-9369-83CE1F38FD2B}.Release|Any CPU.Build.0 = SingleImage
		{2A9028F9-B03B-46A2-9369-83CE1F38FD2B}.Release|x86.ActiveCfg = DVD-5
		{2A9028F9-B03B-46A2-9369-83CE1F38FD2B}.Release|x86.Build.0 = DVD-5
		{2A9028F9-B03B-46A2-9369-83CE1F38FD2B}.SingleImage|Any CPU.ActiveCfg = SingleImage
		{2A9028F9-B03B-46A2-9369-83CE1F38FD2B}.SingleImage|Any CPU.Build.0 = SingleImage
		{2A9028F9-B03B-46A2-9369-83CE1F38FD2B}.SingleImage|x86.ActiveCfg = SingleImage
		{2A9028F9-B03B-46A2-9369-83CE1F38FD2B}.SingleImage|x86.Build.0 = SingleImage
		{E693CCE8-9EDF-4117-AB7F-EB87B87E29EA}.CD_ROM|Any CPU.ActiveCfg = Release|Any CPU
		{E693CCE8-9EDF-4117-AB7F-EB87B87E29EA}.CD_ROM|Any CPU.Build.0 = Release|Any CPU
		{E693CCE8-9EDF-4117-AB7F-EB87B87E29EA}.CD_ROM|x86.ActiveCfg = Debug|Any CPU
		{E693CCE8-9EDF-4117-AB7F-EB87B87E29EA}.Debug|Any CPU.ActiveCfg = Debug|Any CPU
		{E693CCE8-9EDF-4117-AB7F-EB87B87E29EA}.Debug|Any CPU.Build.0 = Debug|Any CPU
		{E693CCE8-9EDF-4117-AB7F-EB87B87E29EA}.Debug|x86.ActiveCfg = Debug|Any CPU
		{E693CCE8-9EDF-4117-AB7F-EB87B87E29EA}.DebugRunTime|Any CPU.ActiveCfg = Debug|Any CPU
		{E693CCE8-9EDF-4117-AB7F-EB87B87E29EA}.DebugRunTime|Any CPU.Build.0 = Debug|Any CPU
		{E693CCE8-9EDF-4117-AB7F-EB87B87E29EA}.DebugRunTime|x86.ActiveCfg = Debug|Any CPU
		{E693CCE8-9EDF-4117-AB7F-EB87B87E29EA}.DVD-5|Any CPU.ActiveCfg = Debug|Any CPU
		{E693CCE8-9EDF-4117-AB7F-EB87B87E29EA}.DVD-5|Any CPU.Build.0 = Debug|Any CPU
		{E693CCE8-9EDF-4117-AB7F-EB87B87E29EA}.DVD-5|x86.ActiveCfg = Debug|Any CPU
		{E693CCE8-9EDF-4117-AB7F-EB87B87E29EA}.Release|Any CPU.ActiveCfg = Release|Any CPU
		{E693CCE8-9EDF-4117-AB7F-EB87B87E29EA}.Release|Any CPU.Build.0 = Release|Any CPU
		{E693CCE8-9EDF-4117-AB7F-EB87B87E29EA}.Release|x86.ActiveCfg = Release|Any CPU
		{E693CCE8-9EDF-4117-AB7F-EB87B87E29EA}.SingleImage|Any CPU.ActiveCfg = Release|Any CPU
		{E693CCE8-9EDF-4117-AB7F-EB87B87E29EA}.SingleImage|Any CPU.Build.0 = Release|Any CPU
		{E693CCE8-9EDF-4117-AB7F-EB87B87E29EA}.SingleImage|x86.ActiveCfg = Debug|Any CPU
		{8EDF3C6B-F9B0-4547-8B8B-B21F2FF8C9C0}.CD_ROM|Any CPU.ActiveCfg = Release|Any CPU
		{8EDF3C6B-F9B0-4547-8B8B-B21F2FF8C9C0}.CD_ROM|Any CPU.Build.0 = Release|Any CPU
		{8EDF3C6B-F9B0-4547-8B8B-B21F2FF8C9C0}.CD_ROM|x86.ActiveCfg = Release|x86
		{8EDF3C6B-F9B0-4547-8B8B-B21F2FF8C9C0}.CD_ROM|x86.Build.0 = Release|x86
		{8EDF3C6B-F9B0-4547-8B8B-B21F2FF8C9C0}.Debug|Any CPU.ActiveCfg = Debug|x86
		{8EDF3C6B-F9B0-4547-8B8B-B21F2FF8C9C0}.Debug|Any CPU.Build.0 = Debug|x86
		{8EDF3C6B-F9B0-4547-8B8B-B21F2FF8C9C0}.Debug|x86.ActiveCfg = Debug|x86
		{8EDF3C6B-F9B0-4547-8B8B-B21F2FF8C9C0}.Debug|x86.Build.0 = Debug|x86
		{8EDF3C6B-F9B0-4547-8B8B-B21F2FF8C9C0}.DebugRunTime|Any CPU.ActiveCfg = Debug|Any CPU
		{8EDF3C6B-F9B0-4547-8B8B-B21F2FF8C9C0}.DebugRunTime|Any CPU.Build.0 = Debug|Any CPU
		{8EDF3C6B-F9B0-4547-8B8B-B21F2FF8C9C0}.DebugRunTime|x86.ActiveCfg = Debug|x86
		{8EDF3C6B-F9B0-4547-8B8B-B21F2FF8C9C0}.DebugRunTime|x86.Build.0 = Debug|x86
		{8EDF3C6B-F9B0-4547-8B8B-B21F2FF8C9C0}.DVD-5|Any CPU.ActiveCfg = Debug|Any CPU
		{8EDF3C6B-F9B0-4547-8B8B-B21F2FF8C9C0}.DVD-5|Any CPU.Build.0 = Debug|Any CPU
		{8EDF3C6B-F9B0-4547-8B8B-B21F2FF8C9C0}.DVD-5|x86.ActiveCfg = Debug|x86
		{8EDF3C6B-F9B0-4547-8B8B-B21F2FF8C9C0}.DVD-5|x86.Build.0 = Debug|x86
		{8EDF3C6B-F9B0-4547-8B8B-B21F2FF8C9C0}.Release|Any CPU.ActiveCfg = Release|Any CPU
		{8EDF3C6B-F9B0-4547-8B8B-B21F2FF8C9C0}.Release|Any CPU.Build.0 = Release|Any CPU
		{8EDF3C6B-F9B0-4547-8B8B-B21F2FF8C9C0}.Release|x86.ActiveCfg = Release|x86
		{8EDF3C6B-F9B0-4547-8B8B-B21F2FF8C9C0}.Release|x86.Build.0 = Release|x86
		{8EDF3C6B-F9B0-4547-8B8B-B21F2FF8C9C0}.SingleImage|Any CPU.ActiveCfg = Release|Any CPU
		{8EDF3C6B-F9B0-4547-8B8B-B21F2FF8C9C0}.SingleImage|Any CPU.Build.0 = Release|Any CPU
		{8EDF3C6B-F9B0-4547-8B8B-B21F2FF8C9C0}.SingleImage|x86.ActiveCfg = Release|x86
		{8EDF3C6B-F9B0-4547-8B8B-B21F2FF8C9C0}.SingleImage|x86.Build.0 = Release|x86
		{ADC78700-333C-4BDC-9F64-DA20F500C273}.CD_ROM|Any CPU.ActiveCfg = Release|Any CPU
		{ADC78700-333C-4BDC-9F64-DA20F500C273}.CD_ROM|Any CPU.Build.0 = Release|Any CPU
		{ADC78700-333C-4BDC-9F64-DA20F500C273}.CD_ROM|x86.ActiveCfg = Debug|Any CPU
		{ADC78700-333C-4BDC-9F64-DA20F500C273}.Debug|Any CPU.ActiveCfg = Debug|Any CPU
		{ADC78700-333C-4BDC-9F64-DA20F500C273}.Debug|Any CPU.Build.0 = Debug|Any CPU
		{ADC78700-333C-4BDC-9F64-DA20F500C273}.Debug|x86.ActiveCfg = Debug|Any CPU
		{ADC78700-333C-4BDC-9F64-DA20F500C273}.DebugRunTime|Any CPU.ActiveCfg = Debug|Any CPU
		{ADC78700-333C-4BDC-9F64-DA20F500C273}.DebugRunTime|Any CPU.Build.0 = Debug|Any CPU
		{ADC78700-333C-4BDC-9F64-DA20F500C273}.DebugRunTime|x86.ActiveCfg = Debug|Any CPU
		{ADC78700-333C-4BDC-9F64-DA20F500C273}.DVD-5|Any CPU.ActiveCfg = Debug|Any CPU
		{ADC78700-333C-4BDC-9F64-DA20F500C273}.DVD-5|Any CPU.Build.0 = Debug|Any CPU
		{ADC78700-333C-4BDC-9F64-DA20F500C273}.DVD-5|x86.ActiveCfg = Debug|Any CPU
		{ADC78700-333C-4BDC-9F64-DA20F500C273}.Release|Any CPU.ActiveCfg = Release|Any CPU
		{ADC78700-333C-4BDC-9F64-DA20F500C273}.Release|Any CPU.Build.0 = Release|Any CPU
		{ADC78700-333C-4BDC-9F64-DA20F500C273}.Release|x86.ActiveCfg = Release|Any CPU
		{ADC78700-333C-4BDC-9F64-DA20F500C273}.SingleImage|Any CPU.ActiveCfg = Release|Any CPU
		{ADC78700-333C-4BDC-9F64-DA20F500C273}.SingleImage|Any CPU.Build.0 = Release|Any CPU
		{ADC78700-333C-4BDC-9F64-DA20F500C273}.SingleImage|x86.ActiveCfg = Debug|Any CPU
		{CE10532C-9925-48D0-A59B-C49343053C1A}.CD_ROM|Any CPU.ActiveCfg = Debug|Any CPU
		{CE10532C-9925-48D0-A59B-C49343053C1A}.CD_ROM|Any CPU.Build.0 = Debug|Any CPU
		{CE10532C-9925-48D0-A59B-C49343053C1A}.CD_ROM|Any CPU.Deploy.0 = Debug|Any CPU
		{CE10532C-9925-48D0-A59B-C49343053C1A}.CD_ROM|x86.ActiveCfg = Debug|Any CPU
		{CE10532C-9925-48D0-A59B-C49343053C1A}.Debug|Any CPU.ActiveCfg = Debug|Any CPU
		{CE10532C-9925-48D0-A59B-C49343053C1A}.Debug|Any CPU.Build.0 = Debug|Any CPU
		{CE10532C-9925-48D0-A59B-C49343053C1A}.Debug|Any CPU.Deploy.0 = Debug|Any CPU
		{CE10532C-9925-48D0-A59B-C49343053C1A}.Debug|x86.ActiveCfg = Debug|Any CPU
		{CE10532C-9925-48D0-A59B-C49343053C1A}.DebugRunTime|Any CPU.ActiveCfg = Debug|Any CPU
		{CE10532C-9925-48D0-A59B-C49343053C1A}.DebugRunTime|Any CPU.Build.0 = Debug|Any CPU
		{CE10532C-9925-48D0-A59B-C49343053C1A}.DebugRunTime|Any CPU.Deploy.0 = Debug|Any CPU
		{CE10532C-9925-48D0-A59B-C49343053C1A}.DebugRunTime|x86.ActiveCfg = Debug|Any CPU
		{CE10532C-9925-48D0-A59B-C49343053C1A}.DVD-5|Any CPU.ActiveCfg = Debug|Any CPU
		{CE10532C-9925-48D0-A59B-C49343053C1A}.DVD-5|Any CPU.Build.0 = Debug|Any CPU
		{CE10532C-9925-48D0-A59B-C49343053C1A}.DVD-5|Any CPU.Deploy.0 = Debug|Any CPU
		{CE10532C-9925-48D0-A59B-C49343053C1A}.DVD-5|x86.ActiveCfg = Debug|Any CPU
		{CE10532C-9925-48D0-A59B-C49343053C1A}.Release|Any CPU.ActiveCfg = Release|Any CPU
		{CE10532C-9925-48D0-A59B-C49343053C1A}.Release|Any CPU.Build.0 = Release|Any CPU
		{CE10532C-9925-48D0-A59B-C49343053C1A}.Release|Any CPU.Deploy.0 = Release|Any CPU
		{CE10532C-9925-48D0-A59B-C49343053C1A}.Release|x86.ActiveCfg = Release|Any CPU
		{CE10532C-9925-48D0-A59B-C49343053C1A}.SingleImage|Any CPU.ActiveCfg = Debug|Any CPU
		{CE10532C-9925-48D0-A59B-C49343053C1A}.SingleImage|Any CPU.Build.0 = Debug|Any CPU
		{CE10532C-9925-48D0-A59B-C49343053C1A}.SingleImage|Any CPU.Deploy.0 = Debug|Any CPU
		{CE10532C-9925-48D0-A59B-C49343053C1A}.SingleImage|x86.ActiveCfg = Debug|Any CPU
	EndGlobalSection
	GlobalSection(SolutionProperties) = preSolution
		HideSolutionNode = FALSE
	EndGlobalSection
EndGlobal
