
Microsoft Visual Studio Solution File, Format Version 12.00
# Visual Studio 2012
Project("{FAE04EC0-301F-11D3-BF4B-00C04F79EFBC}") = "SSISUnit_SQL2012", "SSISUnit\SSISUnit_SQL2012.csproj", "{8C839F0E-0AFD-4D9A-8DEE-5C7963E3E6C7}"
EndProject
Project("{FAE04EC0-301F-11D3-BF4B-00C04F79EFBC}") = "SsisUnit.TestComponents.2012", "SsisUnit.TestComponents\SsisUnit.TestComponents.2012.csproj", "{6C8078E0-99DD-40D0-94DA-E17B3FC50679}"
EndProject
Project("{FAE04EC0-301F-11D3-BF4B-00C04F79EFBC}") = "SsisUnit.Design_SQL2012", "SsisUnitDesign\SsisUnit.Design_SQL2012.csproj", "{3B38F252-0DE8-4639-9AF9-AB8B216B685C}"
EndProject
Project("{FAE04EC0-301F-11D3-BF4B-00C04F79EFBC}") = "ssisUnitTestRunnerUI_SQL2012", "ssisUnitTestRunnerUI\ssisUnitTestRunnerUI_SQL2012.csproj", "{A943E51D-D0CC-4EF1-875B-937D0B179241}"
EndProject
Project("{2150E333-8FDC-42A3-9474-1A3956D46DE8}") = "Solution Items", "Solution Items", "{17BB6EF3-A1CF-4326-A7E6-A7BF928C1D2B}"
	ProjectSection(SolutionItems) = preProject
		SsisUnit.testsettings = SsisUnit.testsettings
	EndProjectSection
EndProject
Project("{6141683F-8A12-4E36-9623-2EB02B2C2303}") = "ssisUnit2012Setup", "ssisUnit2012Setup\ssisUnit2012Setup.isproj", "{2A9028F9-B03B-46A2-9369-83CE1F38FD2B}"
	ProjectSection(ProjectDependencies) = postProject
		{8C839F0E-0AFD-4D9A-8DEE-5C7963E3E6C7} = {8C839F0E-0AFD-4D9A-8DEE-5C7963E3E6C7}
		{A943E51D-D0CC-4EF1-875B-937D0B179241} = {A943E51D-D0CC-4EF1-875B-937D0B179241}
		{3B38F252-0DE8-4639-9AF9-AB8B216B685C} = {3B38F252-0DE8-4639-9AF9-AB8B216B685C}
		{8EDF3C6B-F9B0-4547-8B8B-B21F2FF8C9C0} = {8EDF3C6B-F9B0-4547-8B8B-B21F2FF8C9C0}
		{6C8078E0-99DD-40D0-94DA-E17B3FC50679} = {6C8078E0-99DD-40D0-94DA-E17B3FC50679}
		{E693CCE8-9EDF-4117-AB7F-EB87B87E29EA} = {E693CCE8-9EDF-4117-AB7F-EB87B87E29EA}
	EndProjectSection
EndProject
Project("{FAE04EC0-301F-11D3-BF4B-00C04F79EFBC}") = "SsisUnitBase", "SsisUnit.Base\SsisUnitBase.csproj", "{E693CCE8-9EDF-4117-AB7F-EB87B87E29EA}"
EndProject
Project("{FAE04EC0-301F-11D3-BF4B-00C04F79EFBC}") = "ssisUnitTestRunner - SQL2012", "SsisUnitTestRunner\ssisUnit.TestRunner.2012.csproj", "{8EDF3C6B-F9B0-4547-8B8B-B21F2FF8C9C0}"
EndProject
Global
	GlobalSection(TeamFoundationVersionControl) = preSolution
		SccNumberOfProjects = 8
		SccEnterpriseProvider = {4CA58AB2-18FA-4F8D-95D4-32DDF27D184C}
		SccTeamFoundationServer = https://tfs.codeplex.com/tfs/tfs04
		SccLocalPath0 = .
		SccProjectUniqueName1 = SSISUnit\\SSISUnit_SQL2012.csproj
		SccProjectName1 = SSISUnit
		SccLocalPath1 = SSISUnit
		SccProjectUniqueName2 = SsisUnit.TestComponents\\SsisUnit.TestComponents.2012.csproj
		SccProjectName2 = SsisUnit.TestComponents
		SccLocalPath2 = SsisUnit.TestComponents
		SccProjectUniqueName3 = SsisUnitDesign\\SsisUnit.Design_SQL2012.csproj
		SccProjectName3 = SsisUnitDesign
		SccLocalPath3 = SsisUnitDesign
		SccProjectUniqueName4 = ssisUnitTestRunnerUI\\ssisUnitTestRunnerUI_SQL2012.csproj
		SccProjectName4 = ssisUnitTestRunnerUI
		SccLocalPath4 = ssisUnitTestRunnerUI
		SccProjectUniqueName5 = ssisUnit2012Setup\\ssisUnit2012Setup.isproj
		SccProjectName5 = ssisUnit2012Setup
		SccLocalPath5 = ssisUnit2012Setup
		SccProjectUniqueName6 = SsisUnit.Base\\SsisUnitBase.csproj
		SccProjectName6 = SsisUnit.Base
		SccLocalPath6 = SsisUnit.Base
		SccProjectUniqueName7 = SsisUnitTestRunner\\ssisUnitTestRunner\u0020-\u0020SQL2012.csproj
		SccProjectName7 = SsisUnitTestRunner
		SccLocalPath7 = SsisUnitTestRunner
	EndGlobalSection
	GlobalSection(SolutionConfigurationPlatforms) = preSolution
		CD_ROM|Any CPU = CD_ROM|Any CPU
		Debug|Any CPU = Debug|Any CPU
		DebugRunTime|Any CPU = DebugRunTime|Any CPU
		DVD-5|Any CPU = DVD-5|Any CPU
		Release|Any CPU = Release|Any CPU
		SingleImage|Any CPU = SingleImage|Any CPU
	EndGlobalSection
	GlobalSection(ProjectConfigurationPlatforms) = postSolution
		{8C839F0E-0AFD-4D9A-8DEE-5C7963E3E6C7}.CD_ROM|Any CPU.ActiveCfg = Release|Any CPU
		{8C839F0E-0AFD-4D9A-8DEE-5C7963E3E6C7}.CD_ROM|Any CPU.Build.0 = Release|Any CPU
		{8C839F0E-0AFD-4D9A-8DEE-5C7963E3E6C7}.Debug|Any CPU.ActiveCfg = Debug|Any CPU
		{8C839F0E-0AFD-4D9A-8DEE-5C7963E3E6C7}.Debug|Any CPU.Build.0 = Debug|Any CPU
		{8C839F0E-0AFD-4D9A-8DEE-5C7963E3E6C7}.DebugRunTime|Any CPU.ActiveCfg = Debug|Any CPU
		{8C839F0E-0AFD-4D9A-8DEE-5C7963E3E6C7}.DebugRunTime|Any CPU.Build.0 = Debug|Any CPU
		{8C839F0E-0AFD-4D9A-8DEE-5C7963E3E6C7}.DVD-5|Any CPU.ActiveCfg = Debug|Any CPU
		{8C839F0E-0AFD-4D9A-8DEE-5C7963E3E6C7}.DVD-5|Any CPU.Build.0 = Debug|Any CPU
		{8C839F0E-0AFD-4D9A-8DEE-5C7963E3E6C7}.Release|Any CPU.ActiveCfg = Release|Any CPU
		{8C839F0E-0AFD-4D9A-8DEE-5C7963E3E6C7}.Release|Any CPU.Build.0 = Release|Any CPU
		{8C839F0E-0AFD-4D9A-8DEE-5C7963E3E6C7}.SingleImage|Any CPU.ActiveCfg = Release|Any CPU
		{8C839F0E-0AFD-4D9A-8DEE-5C7963E3E6C7}.SingleImage|Any CPU.Build.0 = Release|Any CPU
		{6C8078E0-99DD-40D0-94DA-E17B3FC50679}.CD_ROM|Any CPU.ActiveCfg = Release|Any CPU
		{6C8078E0-99DD-40D0-94DA-E17B3FC50679}.CD_ROM|Any CPU.Build.0 = Release|Any CPU
		{6C8078E0-99DD-40D0-94DA-E17B3FC50679}.Debug|Any CPU.ActiveCfg = Debug|Any CPU
		{6C8078E0-99DD-40D0-94DA-E17B3FC50679}.Debug|Any CPU.Build.0 = Debug|Any CPU
		{6C8078E0-99DD-40D0-94DA-E17B3FC50679}.DebugRunTime|Any CPU.ActiveCfg = DebugRunTime|Any CPU
		{6C8078E0-99DD-40D0-94DA-E17B3FC50679}.DebugRunTime|Any CPU.Build.0 = DebugRunTime|Any CPU
		{6C8078E0-99DD-40D0-94DA-E17B3FC50679}.DVD-5|Any CPU.ActiveCfg = DebugRunTime|Any CPU
		{6C8078E0-99DD-40D0-94DA-E17B3FC50679}.DVD-5|Any CPU.Build.0 = DebugRunTime|Any CPU
		{6C8078E0-99DD-40D0-94DA-E17B3FC50679}.Release|Any CPU.ActiveCfg = Release|Any CPU
		{6C8078E0-99DD-40D0-94DA-E17B3FC50679}.Release|Any CPU.Build.0 = Release|Any CPU
		{6C8078E0-99DD-40D0-94DA-E17B3FC50679}.SingleImage|Any CPU.ActiveCfg = Release|Any CPU
		{6C8078E0-99DD-40D0-94DA-E17B3FC50679}.SingleImage|Any CPU.Build.0 = Release|Any CPU
		{3B38F252-0DE8-4639-9AF9-AB8B216B685C}.CD_ROM|Any CPU.ActiveCfg = Release|Any CPU
		{3B38F252-0DE8-4639-9AF9-AB8B216B685C}.CD_ROM|Any CPU.Build.0 = Release|Any CPU
		{3B38F252-0DE8-4639-9AF9-AB8B216B685C}.Debug|Any CPU.ActiveCfg = Debug|Any CPU
		{3B38F252-0DE8-4639-9AF9-AB8B216B685C}.Debug|Any CPU.Build.0 = Debug|Any CPU
		{3B38F252-0DE8-4639-9AF9-AB8B216B685C}.DebugRunTime|Any CPU.ActiveCfg = Debug|Any CPU
		{3B38F252-0DE8-4639-9AF9-AB8B216B685C}.DebugRunTime|Any CPU.Build.0 = Debug|Any CPU
		{3B38F252-0DE8-4639-9AF9-AB8B216B685C}.DVD-5|Any CPU.ActiveCfg = Debug|Any CPU
		{3B38F252-0DE8-4639-9AF9-AB8B216B685C}.DVD-5|Any CPU.Build.0 = Debug|Any CPU
		{3B38F252-0DE8-4639-9AF9-AB8B216B685C}.Release|Any CPU.ActiveCfg = Release|Any CPU
		{3B38F252-0DE8-4639-9AF9-AB8B216B685C}.Release|Any CPU.Build.0 = Release|Any CPU
		{3B38F252-0DE8-4639-9AF9-AB8B216B685C}.SingleImage|Any CPU.ActiveCfg = Release|Any CPU
		{3B38F252-0DE8-4639-9AF9-AB8B216B685C}.SingleImage|Any CPU.Build.0 = Release|Any CPU
		{A943E51D-D0CC-4EF1-875B-937D0B179241}.CD_ROM|Any CPU.ActiveCfg = Release|Any CPU
		{A943E51D-D0CC-4EF1-875B-937D0B179241}.CD_ROM|Any CPU.Build.0 = Release|Any CPU
		{A943E51D-D0CC-4EF1-875B-937D0B179241}.Debug|Any CPU.ActiveCfg = Debug|Any CPU
		{A943E51D-D0CC-4EF1-875B-937D0B179241}.Debug|Any CPU.Build.0 = Debug|Any CPU
		{A943E51D-D0CC-4EF1-875B-937D0B179241}.DebugRunTime|Any CPU.ActiveCfg = Debug|Any CPU
		{A943E51D-D0CC-4EF1-875B-937D0B179241}.DebugRunTime|Any CPU.Build.0 = Debug|Any CPU
		{A943E51D-D0CC-4EF1-875B-937D0B179241}.DVD-5|Any CPU.ActiveCfg = Debug|Any CPU
		{A943E51D-D0CC-4EF1-875B-937D0B179241}.DVD-5|Any CPU.Build.0 = Debug|Any CPU
		{A943E51D-D0CC-4EF1-875B-937D0B179241}.Release|Any CPU.ActiveCfg = Release|Any CPU
		{A943E51D-D0CC-4EF1-875B-937D0B179241}.Release|Any CPU.Build.0 = Release|Any CPU
		{A943E51D-D0CC-4EF1-875B-937D0B179241}.SingleImage|Any CPU.ActiveCfg = Release|Any CPU
		{A943E51D-D0CC-4EF1-875B-937D0B179241}.SingleImage|Any CPU.Build.0 = Release|Any CPU
		{2A9028F9-B03B-46A2-9369-83CE1F38FD2B}.CD_ROM|Any CPU.ActiveCfg = CD_ROM
		{2A9028F9-B03B-46A2-9369-83CE1F38FD2B}.CD_ROM|Any CPU.Build.0 = CD_ROM
		{2A9028F9-B03B-46A2-9369-83CE1F38FD2B}.Debug|Any CPU.ActiveCfg = DVD-5
		{2A9028F9-B03B-46A2-9369-83CE1F38FD2B}.Debug|Any CPU.Build.0 = DVD-5
		{2A9028F9-B03B-46A2-9369-83CE1F38FD2B}.DebugRunTime|Any CPU.ActiveCfg = DVD-5
		{2A9028F9-B03B-46A2-9369-83CE1F38FD2B}.DebugRunTime|Any CPU.Build.0 = DVD-5
		{2A9028F9-B03B-46A2-9369-83CE1F38FD2B}.DVD-5|Any CPU.ActiveCfg = DVD-5
		{2A9028F9-B03B-46A2-9369-83CE1F38FD2B}.DVD-5|Any CPU.Build.0 = DVD-5
		{2A9028F9-B03B-46A2-9369-83CE1F38FD2B}.Release|Any CPU.ActiveCfg = SingleImage
		{2A9028F9-B03B-46A2-9369-83CE1F38FD2B}.Release|Any CPU.Build.0 = SingleImage
		{2A9028F9-B03B-46A2-9369-83CE1F38FD2B}.SingleImage|Any CPU.ActiveCfg = SingleImage
		{2A9028F9-B03B-46A2-9369-83CE1F38FD2B}.SingleImage|Any CPU.Build.0 = SingleImage
		{E693CCE8-9EDF-4117-AB7F-EB87B87E29EA}.CD_ROM|Any CPU.ActiveCfg = Release|Any CPU
		{E693CCE8-9EDF-4117-AB7F-EB87B87E29EA}.CD_ROM|Any CPU.Build.0 = Release|Any CPU
		{E693CCE8-9EDF-4117-AB7F-EB87B87E29EA}.Debug|Any CPU.ActiveCfg = Debug|Any CPU
		{E693CCE8-9EDF-4117-AB7F-EB87B87E29EA}.Debug|Any CPU.Build.0 = Debug|Any CPU
		{E693CCE8-9EDF-4117-AB7F-EB87B87E29EA}.DebugRunTime|Any CPU.ActiveCfg = Debug|Any CPU
		{E693CCE8-9EDF-4117-AB7F-EB87B87E29EA}.DebugRunTime|Any CPU.Build.0 = Debug|Any CPU
		{E693CCE8-9EDF-4117-AB7F-EB87B87E29EA}.DVD-5|Any CPU.ActiveCfg = Debug|Any CPU
		{E693CCE8-9EDF-4117-AB7F-EB87B87E29EA}.DVD-5|Any CPU.Build.0 = Debug|Any CPU
		{E693CCE8-9EDF-4117-AB7F-EB87B87E29EA}.Release|Any CPU.ActiveCfg = Release|Any CPU
		{E693CCE8-9EDF-4117-AB7F-EB87B87E29EA}.Release|Any CPU.Build.0 = Release|Any CPU
		{E693CCE8-9EDF-4117-AB7F-EB87B87E29EA}.SingleImage|Any CPU.ActiveCfg = Release|Any CPU
		{E693CCE8-9EDF-4117-AB7F-EB87B87E29EA}.SingleImage|Any CPU.Build.0 = Release|Any CPU
		{8EDF3C6B-F9B0-4547-8B8B-B21F2FF8C9C0}.CD_ROM|Any CPU.ActiveCfg = Release|Any CPU
		{8EDF3C6B-F9B0-4547-8B8B-B21F2FF8C9C0}.CD_ROM|Any CPU.Build.0 = Release|Any CPU
		{8EDF3C6B-F9B0-4547-8B8B-B21F2FF8C9C0}.Debug|Any CPU.ActiveCfg = Debug|Any CPU
		{8EDF3C6B-F9B0-4547-8B8B-B21F2FF8C9C0}.Debug|Any CPU.Build.0 = Debug|Any CPU
		{8EDF3C6B-F9B0-4547-8B8B-B21F2FF8C9C0}.DebugRunTime|Any CPU.ActiveCfg = Debug|Any CPU
		{8EDF3C6B-F9B0-4547-8B8B-B21F2FF8C9C0}.DebugRunTime|Any CPU.Build.0 = Debug|Any CPU
		{8EDF3C6B-F9B0-4547-8B8B-B21F2FF8C9C0}.DVD-5|Any CPU.ActiveCfg = Debug|Any CPU
		{8EDF3C6B-F9B0-4547-8B8B-B21F2FF8C9C0}.DVD-5|Any CPU.Build.0 = Debug|Any CPU
		{8EDF3C6B-F9B0-4547-8B8B-B21F2FF8C9C0}.Release|Any CPU.ActiveCfg = Release|Any CPU
		{8EDF3C6B-F9B0-4547-8B8B-B21F2FF8C9C0}.Release|Any CPU.Build.0 = Release|Any CPU
		{8EDF3C6B-F9B0-4547-8B8B-B21F2FF8C9C0}.SingleImage|Any CPU.ActiveCfg = Release|Any CPU
		{8EDF3C6B-F9B0-4547-8B8B-B21F2FF8C9C0}.SingleImage|Any CPU.Build.0 = Release|Any CPU
	EndGlobalSection
	GlobalSection(SolutionProperties) = preSolution
		HideSolutionNode = FALSE
	EndGlobalSection
EndGlobal
